PODS:
  - Alamofire (5.6.1)
  - FlexibleSteppedProgressBar (0.7.2)
  - SDWebImage (5.12.5):
    - SDWebImage/Core (= 5.12.5)
  - SDWebImage/Core (5.12.5)

DEPENDENCIES:
  - Alamofire
  - FlexibleSteppedProgressBar
  - SDWebImage

SPEC REPOS:
  trunk:
    - Alamofire
    - FlexibleSteppedProgressBar
    - SDWebImage

SPEC CHECKSUMS:
  Alamofire: 87bd8c952f9a4454320fce00d9cc3de57bcadaf5
  FlexibleSteppedProgressBar: 6a781cfed749bf59c69813a8706aa397c342ab5c
  SDWebImage: 0905f1b7760fc8ac4198cae0036600d67478751e

PODFILE CHECKSUM: 003340220f91a7aacf02c85021f3f0256d41a48a

COCOAPODS: 1.11.3
